
Microsoft Visual Studio Solution File, Format Version 12.00
# Visual Studio Version 16
VisualStudioVersion = 16.0.33529.622
MinimumVisualStudioVersion = 10.0.40219.1
Project("{FAE04EC0-301F-11D3-BF4B-00C04F79EFBC}") = "HelloWorld_Console", "HelloWorld_Console.csproj", "{920D2A2A-247A-428D-B8A3-3469C08B72FC}"
EndProject
Global
	GlobalSection(SolutionConfigurationPlatforms) = preSolution
		Debug|Any CPU = Debug|Any CPU
		Release|Any CPU = Release|Any CPU
	EndGlobalSection
	GlobalSection(ProjectConfigurationPlatforms) = postSolution
		{920D2A2A-247A-428D-B8A3-3469C08B72FC}.Debug|Any CPU.ActiveCfg = Debug|Any CPU
		{920D2A2A-247A-428D-B8A3-3469C08B72FC}.Debug|Any CPU.Build.0 = Debug|Any CPU
		{920D2A2A-247A-428D-B8A3-3469C08B72FC}.Release|Any CPU.ActiveCfg = Release|Any CPU
		{920D2A2A-247A-428D-B8A3-3469C08B72FC}.Release|Any CPU.Build.0 = Release|Any CPU
	EndGlobalSection
	GlobalSection(SolutionProperties) = preSolution
		HideSolutionNode = FALSE
	EndGlobalSection
	GlobalSection(ExtensibilityGlobals) = postSolution
		SolutionGuid = {05EED036-6797-4DAD-AB4C-1F4B53B07099}
	EndGlobalSection
EndGlobal
